{
  "requires": true,
  "lockfileVersion": 1,
  "dependencies": {
    "fsoprano-palindrome": {
      "version": "0.2.0",
      "resolved": "https://registry.npmjs.org/fsoprano-palindrome/-/fsoprano-palindrome-0.2.0.tgz",
      "integrity": "sha512-6pPjOjwEaDw5vFLmgdZUxnPxDGXeWyjH1b2MV6UJAu9mSwEwAMKBmnrKUZBm9GyVGyyzUw/HXIDZ9MgcQMM9zA=="
    }
  }
}
